// !$*UTF8*$!
{
	archiveVersion = 1;
	classes = {
	};
	objectVersion = 50;
	objects = {

/* Begin PBXBuildFile section */
		51D60E4E27092D60009F6C9D /* AppDelegate.swift in Sources */ = {isa = PBXBuildFile; fileRef = 51D60E4D27092D60009F6C9D /* AppDelegate.swift */; };
		51D60E5027092D60009F6C9D /* SceneDelegate.swift in Sources */ = {isa = PBXBuildFile; fileRef = 51D60E4F27092D60009F6C9D /* SceneDelegate.swift */; };
		51D60E5227092D60009F6C9D /* ViewController.swift in Sources */ = {isa = PBXBuildFile; fileRef = 51D60E5127092D60009F6C9D /* ViewController.swift */; };
		51D60E5527092D60009F6C9D /* Main.storyboard in Resources */ = {isa = PBXBuildFile; fileRef = 51D60E5327092D60009F6C9D /* Main.storyboard */; };
		51D60E5727092D60009F6C9D /* Assets.xcassets in Resources */ = {isa = PBXBuildFile; fileRef = 51D60E5627092D60009F6C9D /* Assets.xcassets */; };
		51D60E5A27092D60009F6C9D /* LaunchScreen.storyboard in Resources */ = {isa = PBXBuildFile; fileRef = 51D60E5827092D60009F6C9D /* LaunchScreen.storyboard */; };
		51D60E6227092D8F009F6C9D /* NeuView.swift in Sources */ = {isa = PBXBuildFile; fileRef = 51D60E6127092D8F009F6C9D /* NeuView.swift */; };
/* End PBXBuildFile section */

/* Begin PBXFileReference section */
		51D60E4A27092D60009F6C9D /* Neumorphic UI.app */ = {isa = PBXFileReference; explicitFileType = wrapper.application; includeInIndex = 0; path = "Neumorphic UI.app"; sourceTree = BUILT_PRODUCTS_DIR; };
		51D60E4D27092D60009F6C9D /* AppDelegate.swift */ = {isa = PBXFileReference; lastKnownFileType = sourcecode.swift; path = AppDelegate.swift; sourceTree = "<group>"; };
		51D60E4F27092D60009F6C9D /* SceneDelegate.swift */ = {isa = PBXFileReference; lastKnownFileType = sourcecode.swift; path = SceneDelegate.swift; sourceTree = "<group>"; };
		51D60E5127092D60009F6C9D /* ViewController.swift */ = {isa = PBXFileReference; lastKnownFileType = sourcecode.swift; path = ViewController.swift; sourceTree = "<group>"; };
		51D60E5427092D60009F6C9D /* Base */ = {isa = PBXFileReference; lastKnownFileType = file.storyboard; name = Base; path = Base.lproj/Main.storyboard; sourceTree = "<group>"; };
		51D60E5627092D60009F6C9D /* Assets.xcassets */ = {isa = PBXFileReference; lastKnownFileType = folder.assetcatalog; path = Assets.xcassets; sourceTree = "<group>"; };
		51D60E5927092D60009F6C9D /* Base */ = {isa = PBXFileReference; lastKnownFileType = file.storyboard; name = Base; path = Base.lproj/LaunchScreen.storyboard; sourceTree = "<group>"; };
		51D60E5B27092D60009F6C9D /* Info.plist */ = {isa = PBXFileReference; lastKnownFileType = text.plist.xml; path = Info.plist; sourceTree = "<group>"; };
		51D60E6127092D8F009F6C9D /* NeuView.swift */ = {isa = PBXFileReference; fileEncoding = 4; lastKnownFileType = sourcecode.swift; path = NeuView.swift; sourceTree = "<group>"; };
/* End PBXFileReference section */

/* Begin PBXFrameworksBuildPhase section */
		51D60E4727092D60009F6C9D /* Frameworks */ = {
			isa = PBXFrameworksBuildPhase;
			buildActionMask = 2147483647;
			files = (
			);
			runOnlyForDeploymentPostprocessing = 0;
		};
/* End PBXFrameworksBuildPhase section */

/* Begin PBXGroup section */
		51D60E4127092D60009F6C9D = {
			isa = PBXGroup;
			children = (
				51D60E4C27092D60009F6C9D /* Neumorphic UI */,
				51D60E4B27092D60009F6C9D /* Products */,
			);
			sourceTree = "<group>";
		};
		51D60E4B27092D60009F6C9D /* Products */ = {
			isa = PBXGroup;
			children = (
				51D60E4A27092D60009F6C9D /* Neumorphic UI.app */,
			);
			name = Products;
			sourceTree = "<group>";
		};
		51D60E4C27092D60009F6C9D /* Neumorphic UI */ = {
			isa = PBXGroup;
			children = (
				51D60E4D27092D60009F6C9D /* AppDelegate.swift */,
				51D60E4F27092D60009F6C9D /* SceneDelegate.swift */,
				51D60E5127092D60009F6C9D /* ViewController.swift */,
				51D60E6127092D8F009F6C9D /* NeuView.swift */,
				51D60E5327092D60009F6C9D /* Main.storyboard */,
				51D60E5627092D60009F6C9D /* Assets.xcassets */,
				51D60E5827092D60009F6C9D /* LaunchScreen.storyboard */,
				51D60E5B27092D60009F6C9D /* Info.plist */,
			);
			path = "Neumorphic UI";
			sourceTree = "<group>";
		};
/* End PBXGroup section */

/* Begin PBXNativeTarget section */
		51D60E4927092D60009F6C9D /* Neumorphic UI */ = {
			isa = PBXNativeTarget;
			buildConfigurationList = 51D60E5E27092D60009F6C9D /* Build configuration list for PBXNativeTarget "Neumorphic UI" */;
			buildPhases = (
				51D60E4627092D60009F6C9D /* Sources */,
				51D60E4727092D60009F6C9D /* Frameworks */,
				51D60E4827092D60009F6C9D /* Resources */,
			);
			buildRules = (
			);
			dependencies = (
			);
			name = "Neumorphic UI";
			productName = "Neumorphic UI";
			productReference = 51D60E4A27092D60009F6C9D /* Neumorphic UI.app */;
			productType = "com.apple.product-type.application";
		};
/* End PBXNativeTarget section */

/* Begin PBXProject section */
		51D60E4227092D60009F6C9D /* Project object */ = {
			isa = PBXProject;
			attributes = {
				LastSwiftUpdateCheck = 1250;
				LastUpgradeCheck = 1250;
				TargetAttributes = {
					51D60E4927092D60009F6C9D = {
						CreatedOnToolsVersion = 12.5.1;
					};
				};
			};
			buildConfigurationList = 51D60E4527092D60009F6C9D /* Build configuration list for PBXProject "Neumorphic UI" */;
			compatibilityVersion = "Xcode 9.3";
			developmentRegion = en;
			hasScannedForEncodings = 0;
			knownRegions = (
				en,
				Base,
			);
			mainGroup = 51D60E4127092D60009F6C9D;
			productRefGroup = 51D60E4B27092D60009F6C9D /* Products */;
			projectDirPath = "";
			projectRoot = "";
			targets = (
				51D60E4927092D60009F6C9D /* Neumorphic UI */,
			);
		};
/* End PBXProject section */

/* Begin PBXResourcesBuildPhase section */
		51D60E4827092D60009F6C9D /* Resources */ = {
			isa = PBXResourcesBuildPhase;
			buildActionMask = 2147483647;
			files = (
				51D60E5A27092D60009F6C9D /* LaunchScreen.storyboard in Resources */,
				51D60E5727092D60009F6C9D /* Assets.xcassets in Resources */,
				51D60E5527092D60009F6C9D /* Main.storyboard in Resources */,
			);
			runOnlyForDeploymentPostprocessing = 0;
		};
/* End PBXResourcesBuildPhase section */

/* Begin PBXSourcesBuildPhase section */
		51D60E4627092D60009F6C9D /* Sources */ = {
			isa = PBXSourcesBuildPhase;
			buildActionMask = 2147483647;
			files = (
				51D60E5227092D60009F6C9D /* ViewController.swift in Sources */,
				51D60E4E27092D60009F6C9D /* AppDelegate.swift in Sources */,
				51D60E5027092D60009F6C9D /* SceneDelegate.swift in Sources */,
				51D60E6227092D8F009F6C9D /* NeuView.swift in Sources */,
			);
			runOnlyForDeploymentPostprocessing = 0;
		};
/* End PBXSourcesBuildPhase section */

/* Begin PBXVariantGroup section */
		51D60E5327092D60009F6C9D /* Main.storyboard */ = {
			isa = PBXVariantGroup;
			children = (
				51D60E5427092D60009F6C9D /* Base */,
			);
			name = Main.storyboard;
			sourceTree = "<group>";
		};
		51D60E5827092D60009F6C9D /* LaunchScreen.storyboard */ = {
			isa = PBXVariantGroup;
			children = (
				51D60E5927092D60009F6C9D /* Base */,
			);
			name = LaunchScreen.storyboard;
			sourceTree = "<group>";
		};
/* End PBXVariantGroup section */

/* Begin XCBuildConfiguration section */
		51D60E5C27092D60009F6C9D /* Debug */ = {
			isa = XCBuildConfiguration;
			buildSettings = {
				ALWAYS_SEARCH_USER_PATHS = NO;
				CLANG_ANALYZER_NONNULL = YES;
				CLANG_ANALYZER_NUMBER_OBJECT_CONVERSION = YES_AGGRESSIVE;
				CLANG_CXX_LANGUAGE_STANDARD = "gnu++14";
				CLANG_CXX_LIBRARY = "libc++";
				CLANG_ENABLE_MODULES = YES;
				CLANG_ENABLE_OBJC_ARC = YES;
				CLANG_ENABLE_OBJC_WEAK = YES;
				CLANG_WARN_BLOCK_CAPTURE_AUTORELEASING = YES;
				CLANG_WARN_BOOL_CONVERSION = YES;
				CLANG_WARN_COMMA = YES;
				CLANG_WARN_CONSTANT_CONVERSION = YES;
				CLANG_WARN_DEPRECATED_OBJC_IMPLEMENTATIONS = YES;
				CLANG_WARN_DIRECT_OBJC_ISA_USAGE = YES_ERROR;
				CLANG_WARN_DOCUMENTATION_COMMENTS = YES;
				CLANG_WARN_EMPTY_BODY = YES;
				CLANG_WARN_ENUM_CONVERSION = YES;
				CLANG_WARN_INFINITE_RECURSION = YES;
				CLANG_WARN_INT_CONVERSION = YES;
				CLANG_WARN_NON_LITERAL_NULL_CONVERSION = YES;
				CLANG_WARN_OBJC_IMPLICIT_RETAIN_SELF = YES;
				CLANG_WARN_OBJC_LITERAL_CONVERSION = YES;
				CLANG_WARN_OBJC_ROOT_CLASS = YES_ERROR;
				CLANG_WARN_QUOTED_INCLUDE_IN_FRAMEWORK_HEADER = YES;
				CLANG_WARN_RANGE_LOOP_ANALYSIS = YES;
				CLANG_WARN_STRICT_PROTOTYPES = YES;
				CLANG_WARN_SUSPICIOUS_MOVE = YES;
				CLANG_WARN_UNGUARDED_AVAILABILITY = YES_AGGRESSIVE;
				CLANG_WARN_UNREACHABLE_CODE = YES;
				CLANG_WARN__DUPLICATE_METHOD_MATCH = YES;
				COPY_PHASE_STRIP = NO;
				DEBUG_INFORMATION_FORMAT = dwarf;
				ENABLE_STRICT_OBJC_MSGSEND = YES;
				ENABLE_TESTABILITY = YES;
				GCC_C_LANGUAGE_STANDARD = gnu11;
				GCC_DYNAMIC_NO_PIC = NO;
				GCC_NO_COMMON_BLOCKS = YES;
				GCC_OPTIMIZATION_LEVEL = 0;
				GCC_PREPROCESSOR_DEFINITIONS = (
					"DEBUG=1",
					"$(inherited)",
				);
				GCC_WARN_64_TO_32_BIT_CONVERSION = YES;
				GCC_WARN_ABOUT_RETURN_TYPE = YES_ERROR;
				GCC_WARN_UNDECLARED_SELECTOR = YES;
				GCC_WARN_UNINITIALIZED_AUTOS = YES_AGGRESSIVE;
				GCC_WARN_UNUSED_FUNCTION = YES;
				GCC_WARN_UNUSED_VARIABLE = YES;
				IPHONEOS_DEPLOYMENT_TARGET = 14.5;
				MTL_ENABLE_DEBUG_INFO = INCLUDE_SOURCE;
				MTL_FAST_MATH = YES;
				ONLY_ACTIVE_ARCH = YES;
				SDKROOT = iphoneos;
				SWIFT_ACTIVE_COMPILATION_CONDITIONS = DEBUG;
				SWIFT_OPTIMIZATION_LEVEL = "-Onone";
			};
			name = Debug;
		};
		51D60E5D27092D60009F6C9D /* Release */ = {
			isa = XCBuildConfiguration;
			buildSettings = {
				ALWAYS_SEARCH_USER_PATHS = NO;
				CLANG_ANALYZER_NONNULL = YES;
				CLANG_ANALYZER_NUMBER_OBJECT_CONVERSION = YES_AGGRESSIVE;
				CLANG_CXX_LANGUAGE_STANDARD = "gnu++14";
				CLANG_CXX_LIBRARY = "libc++";
				CLANG_ENABLE_MODULES = YES;
				CLANG_ENABLE_OBJC_ARC = YES;
				CLANG_ENABLE_OBJC_WEAK = YES;
				CLANG_WARN_BLOCK_CAPTURE_AUTORELEASING = YES;
				CLANG_WARN_BOOL_CONVERSION = YES;
				CLANG_WARN_COMMA = YES;
				CLANG_WARN_CONSTANT_CONVERSION = YES;
				CLANG_WARN_DEPRECATED_OBJC_IMPLEMENTATIONS = YES;
				CLANG_WARN_DIRECT_OBJC_ISA_USAGE = YES_ERROR;
				CLANG_WARN_DOCUMENTATION_COMMENTS = YES;
				CLANG_WARN_EMPTY_BODY = YES;
				CLANG_WARN_ENUM_CONVERSION = YES;
				CLANG_WARN_INFINITE_RECURSION = YES;
				CLANG_WARN_INT_CONVERSION = YES;
				CLANG_WARN_NON_LITERAL_NULL_CONVERSION = YES;
				CLANG_WARN_OBJC_IMPLICIT_RETAIN_SELF = YES;
				CLANG_WARN_OBJC_LITERAL_CONVERSION = YES;
				CLANG_WARN_OBJC_ROOT_CLASS = YES_ERROR;
				CLANG_WARN_QUOTED_INCLUDE_IN_FRAMEWORK_HEADER = YES;
				CLANG_WARN_RANGE_LOOP_ANALYSIS = YES;
				CLANG_WARN_STRICT_PROTOTYPES = YES;
				CLANG_WARN_SUSPICIOUS_MOVE = YES;
				CLANG_WARN_UNGUARDED_AVAILABILITY = YES_AGGRESSIVE;
				CLANG_WARN_UNREACHABLE_CODE = YES;
				CLANG_WARN__DUPLICATE_METHOD_MATCH = YES;
				COPY_PHASE_STRIP = NO;
				DEBUG_INFORMATION_FORMAT = "dwarf-with-dsym";
				ENABLE_NS_ASSERTIONS = NO;
				ENABLE_STRICT_OBJC_MSGSEND = YES;
				GCC_C_LANGUAGE_STANDARD = gnu11;
				GCC_NO_COMMON_BLOCKS = YES;
				GCC_WARN_64_TO_32_BIT_CONVERSION = YES;
				GCC_WARN_ABOUT_RETURN_TYPE = YES_ERROR;
				GCC_WARN_UNDECLARED_SELECTOR = YES;
				GCC_WARN_UNINITIALIZED_AUTOS = YES_AGGRESSIVE;
				GCC_WARN_UNUSED_FUNCTION = YES;
				GCC_WARN_UNUSED_VARIABLE = YES;
				IPHONEOS_DEPLOYMENT_TARGET = 14.5;
				MTL_ENABLE_DEBUG_INFO = NO;
				MTL_FAST_MATH = YES;
				SDKROOT = iphoneos;
				SWIFT_COMPILATION_MODE = wholemodule;
				SWIFT_OPTIMIZATION_LEVEL = "-O";
				VALIDATE_PRODUCT = YES;
			};
			name = Release;
		};
		51D60E5F27092D60009F6C9D /* Debug */ = {
			isa = XCBuildConfiguration;
			buildSettings = {
				ASSETCATALOG_COMPILER_APPICON_NAME = AppIcon;
				ASSETCATALOG_COMPILER_GLOBAL_ACCENT_COLOR_NAME = AccentColor;
				CODE_SIGN_STYLE = Automatic;
				DEVELOPMENT_TEAM = R6RZ6S2FLK;
				INFOPLIST_FILE = "Neumorphic UI/Info.plist";
				LD_RUNPATH_SEARCH_PATHS = (
					"$(inherited)",
					"@executable_path/Frameworks",
				);
				PRODUCT_BUNDLE_IDENTIFIER = "usagimaru.Neumorphic-UI";
				PRODUCT_NAME = "$(TARGET_NAME)";
				SWIFT_VERSION = 5.0;
				TARGETED_DEVICE_FAMILY = "1,2";
			};
			name = Debug;
		};
		51D60E6027092D60009F6C9D /* Release */ = {
			isa = XCBuildConfiguration;
			buildSettings = {
				ASSETCATALOG_COMPILER_APPICON_NAME = AppIcon;
				ASSETCATALOG_COMPILER_GLOBAL_ACCENT_COLOR_NAME = AccentColor;
				CODE_SIGN_STYLE = Automatic;
				DEVELOPMENT_TEAM = R6RZ6S2FLK;
				INFOPLIST_FILE = "Neumorphic UI/Info.plist";
				LD_RUNPATH_SEARCH_PATHS = (
					"$(inherited)",
					"@executable_path/Frameworks",
				);
				PRODUCT_BUNDLE_IDENTIFIER = "usagimaru.Neumorphic-UI";
				PRODUCT_NAME = "$(TARGET_NAME)";
				SWIFT_VERSION = 5.0;
				TARGETED_DEVICE_FAMILY = "1,2";
			};
			name = Release;
		};
/* End XCBuildConfiguration section */

/* Begin XCConfigurationList section */
		51D60E4527092D60009F6C9D /* Build configuration list for PBXProject "Neumorphic UI" */ = {
			isa = XCConfigurationList;
			buildConfigurations = (
				51D60E5C27092D60009F6C9D /* Debug */,
				51D60E5D27092D60009F6C9D /* Release */,
			);
			defaultConfigurationIsVisible = 0;
			defaultConfigurationName = Release;
		};
		51D60E5E27092D60009F6C9D /* Build configuration list for PBXNativeTarget "Neumorphic UI" */ = {
			isa = XCConfigurationList;
			buildConfigurations = (
				51D60E5F27092D60009F6C9D /* Debug */,
				51D60E6027092D60009F6C9D /* Release */,
			);
			defaultConfigurationIsVisible = 0;
			defaultConfigurationName = Release;
		};
/* End XCConfigurationList section */
	};
	rootObject = 51D60E4227092D60009F6C9D /* Project object */;
}
